
Microsoft Visual Studio Solution File, Format Version 12.00
# Visual Studio Version 16
VisualStudioVersion = 16.0.30621.155
MinimumVisualStudioVersion = 10.0.40219.1
Project("{FAE04EC0-301F-11D3-BF4B-00C04F79EFBC}") = "NAudio.Flac", "NAudio.Flac\NAudio.Flac.csproj", "{FA601B3F-6B74-41D3-AFEE-2E406904ADBF}"
EndProject
Global
	GlobalSection(SolutionConfigurationPlatforms) = preSolution
		Debug|Any CPU = Debug|Any CPU
		Release|Any CPU = Release|Any CPU
	EndGlobalSection
	GlobalSection(ProjectConfigurationPlatforms) = postSolution
		{FA601B3F-6B74-41D3-AFEE-2E406904ADBF}.Debug|Any CPU.ActiveCfg = Debug|Any CPU
		{FA601B3F-6B74-41D3-AFEE-2E406904ADBF}.Debug|Any CPU.Build.0 = Debug|Any CPU
		{FA601B3F-6B74-41D3-AFEE-2E406904ADBF}.Release|Any CPU.ActiveCfg = Release|Any CPU
		{FA601B3F-6B74-41D3-AFEE-2E406904ADBF}.Release|Any CPU.Build.0 = Release|Any CPU
	EndGlobalSection
	GlobalSection(SolutionProperties) = preSolution
		HideSolutionNode = FALSE
	EndGlobalSection
	GlobalSection(ExtensibilityGlobals) = postSolution
		SolutionGuid = {B2BB7A44-60D3-4934-B355-CD100FEA6E0F}
	EndGlobalSection
EndGlobal
